
Microsoft Visual Studio Solution File, Format Version 12.00
# Visual Studio Version 17
VisualStudioVersion = 17.12.35707.178
MinimumVisualStudioVersion = 10.0.40219.1
Project("{FAE04EC0-301F-11D3-BF4B-00C04F79EFBC}") = "Exam System App", "Exam System App\Exam System App.csproj", "{E4942DBD-47CD-4423-BB5F-5879F93D2546}"
EndProject
Project("{FAE04EC0-301F-11D3-BF4B-00C04F79EFBC}") = "DataAccessLayer", "DataAccessLayer\DataAccessLayer.csproj", "{A9FA6FE2-30BA-4840-8644-CFD8B7A4BB25}"
EndProject
Project("{FAE04EC0-301F-11D3-BF4B-00C04F79EFBC}") = "BusinessLogicLayer", "BusinessLogicLayer\BusinessLogicLayer.csproj", "{76F0EAAD-720A-46E1-9E69-47A0CE4F675F}"
EndProject
Global
	GlobalSection(SolutionConfigurationPlatforms) = preSolution
		Debug|Any CPU = Debug|Any CPU
		Release|Any CPU = Release|Any CPU
	EndGlobalSection
	GlobalSection(ProjectConfigurationPlatforms) = postSolution
		{E4942DBD-47CD-4423-BB5F-5879F93D2546}.Debug|Any CPU.ActiveCfg = Debug|Any CPU
		{E4942DBD-47CD-4423-BB5F-5879F93D2546}.Debug|Any CPU.Build.0 = Debug|Any CPU
		{E4942DBD-47CD-4423-BB5F-5879F93D2546}.Release|Any CPU.ActiveCfg = Release|Any CPU
		{E4942DBD-47CD-4423-BB5F-5879F93D2546}.Release|Any CPU.Build.0 = Release|Any CPU
		{A9FA6FE2-30BA-4840-8644-CFD8B7A4BB25}.Debug|Any CPU.ActiveCfg = Debug|Any CPU
		{A9FA6FE2-30BA-4840-8644-CFD8B7A4BB25}.Debug|Any CPU.Build.0 = Debug|Any CPU
		{A9FA6FE2-30BA-4840-8644-CFD8B7A4BB25}.Release|Any CPU.ActiveCfg = Release|Any CPU
		{A9FA6FE2-30BA-4840-8644-CFD8B7A4BB25}.Release|Any CPU.Build.0 = Release|Any CPU
		{76F0EAAD-720A-46E1-9E69-47A0CE4F675F}.Debug|Any CPU.ActiveCfg = Debug|Any CPU
		{76F0EAAD-720A-46E1-9E69-47A0CE4F675F}.Debug|Any CPU.Build.0 = Debug|Any CPU
		{76F0EAAD-720A-46E1-9E69-47A0CE4F675F}.Release|Any CPU.ActiveCfg = Release|Any CPU
		{76F0EAAD-720A-46E1-9E69-47A0CE4F675F}.Release|Any CPU.Build.0 = Release|Any CPU
	EndGlobalSection
	GlobalSection(SolutionProperties) = preSolution
		HideSolutionNode = FALSE
	EndGlobalSection
EndGlobal
